{
    "_meta": {
        "hash": {
            "sha256": "02952c7ce16f899aa2b7c83148dfdf06432fa870bb85f3a633013f58a2c56aa7"
        },
        "pipfile-spec": 6,
        "requires": {
            "python_version": "3.11"
        },
        "sources": [
            {
                "name": "pypi",
                "url": "https://pypi.org/simple",
                "verify_ssl": true
            }
        ]
    },
    "default": {
        "asgiref": {
            "hashes": [
                "sha256:89b2ef2247e3b562a16eef663bc0e2e703ec6468e2fa8a5cd61cd449786d4f6e",
                "sha256:9e0ce3aa93a819ba5b45120216b23878cf6e8525eb3848653452b4192b92afed"
            ],
            "markers": "python_version >= '3.7'",
            "version": "==3.7.2"
        },
        "contourpy": {
            "hashes": [
                "sha256:8636cd2fc5da0fb102a2504fa2c4bea3cbc149533b345d72cdf0e7a924decc45",
                "sha256:96ba37c2e24b7212a77da85004c38e7c4d155d3e72a45eeaf22c1f03f607e8ab"
            ],
            "markers": "python_version >= '3.8'",
            "version": "==1.1.1"
        },
        "cycler": {
            "hashes": [
                "sha256:85cef7cff222d8644161529808465972e51340599459b8ac3ccbac5a854e0d30",
                "sha256:88bb128f02ba341da8ef447245a9e138fae777f6a23943da4540077d3601eb1c"
            ],
            "markers": "python_version >= '3.8'",
            "version": "==0.12.1"
        },
        "dj-database-url": {
            "hashes": [
                "sha256:04bc34b248d4c21aaa13e4ab419ae6575ef5f10f3df735ce7da97722caa356e0",
                "sha256:f2042cefe1086e539c9da39fad5ad7f61173bf79665e69bf7e4de55fa88b135f"
            ],
            "index": "pypi",
            "version": "==2.1.0"
        },
        "django": {
            "hashes": [
                "sha256:08f41f468b63335aea0d904c5729e0250300f6a1907bf293a65499496cdbc68f",
                "sha256:a64d2487cdb00ad7461434320ccc38e60af9c404773a2f95ab0093b4453a3215"
            ],
            "index": "pypi",
            "markers": "python_version >= '3.8'",
            "version": "==4.2.6"
        },
        "django-environ": {
            "hashes": [
                "sha256:0ff95ab4344bfeff693836aa978e6840abef2e2f1145adff7735892711590c05",
                "sha256:f32a87aa0899894c27d4e1776fa6b477e8164ed7f6b3e410a62a6d72caaf64be"
            ],
            "index": "pypi",
            "markers": "python_version >= '3.6' and python_version < '4'",
            "version": "==0.11.2"
        },
        "fonttools": {
            "hashes": [
                "sha256:17dbc2eeafb38d5d0e865dcce16e313c58265a6d2d20081c435f84dc5a9d8212",
                "sha256:4f88cae635bfe4bbbdc29d479a297bb525a94889184bb69fa9560c2d4834ddb9",
                "sha256:9a2f0aa6ca7c9bc1058a9d0b35483d4216e0c1bbe3962bc62ce112749954c7b8"
            ],
            "markers": "python_version >= '3.8'",
            "version": "==4.43.1"
        },
        "gunicorn": {
            "hashes": [
                "sha256:3213aa5e8c24949e792bcacfc176fef362e7aac80b76c56f6b5122bf350722f0",
                "sha256:88ec8bff1d634f98e61b9f65bc4bf3cd918a90806c6f5c48bc5603849ec81033"
            ],
            "index": "pypi",
            "markers": "python_version >= '3.5'",
            "version": "==21.2.0"
        },
        "imbalanced-learn": {
            "hashes": [
                "sha256:20dc7dee3c838b4d213f021bb2b4007862704160d06bd292a6bdf931590b2516",
                "sha256:7582ae8858e6db0b92fef97dd08660a18297ee128d78c2abdc006b8bd86b8fdc"
            ],
            "version": "==0.11.0"
        },
        "imblearn": {
            "hashes": [
                "sha256:d42c2d709d22c00d2b9a91e638d57240a8b79b4014122d92181fcd2549a2f79a",
                "sha256:d8fbb662919c1b16f438ad91a8256220e53bcf6815c9ad5502c518b798de34f2"
            ],
            "index": "pypi",
            "version": "==0.0"
        },
        "joblib": {
            "hashes": [
                "sha256:92f865e621e17784e7955080b6d042489e3b8e294949cc44c6eac304f59772b1",
                "sha256:ef4331c65f239985f3f2220ecc87db222f08fd22097a3dd5698f693875f8cbb9"
            ],
            "index": "pypi",
            "markers": "python_version >= '3.7'",
            "version": "==1.3.2"
        },
        "kiwisolver": {
            "hashes": [
                "sha256:6c08e1312a9cf1074d17b17728d3dfce2a5125b2d791527f33ffbe805200a355",
                "sha256:e57e563a57fb22a142da34f38acc2fc1a5c864bc29ca1517a88abc963e60d6ec"
            ],
            "markers": "python_version >= '3.7'",
            "version": "==1.4.5"
        },
        "matplotlib": {
            "hashes": [
                "sha256:044df81c1f6f3a8e52d70c4cfcb44e77ea9632a10929932870dfaa90de94365d",
                "sha256:0d24c47a1bb47e392fbcd26fe322e4ff3431653ac1e8718e4e147d450ae97a44",
                "sha256:1fcb49b6baf0375281979cbf26695ec10bd1cada1e311893e89533b3b70143e7",
                "sha256:20a0fdfd3ee836179047f3782be060057b878ad37f5abe29edf006a1ff3ecd73",
                "sha256:27502d2452208ae784c19504644f09f83742809143bbeae147617640930aa344",
                "sha256:2afe7d2f8c9e35e94fbcfcfd9b28f29cb32f0a9068cba469cf907428379c8db9",
                "sha256:43a9d40feb63c9e31a0b8b069dcbd74a912f59bdc0095d187126694cd26977e4",
                "sha256:43cf368a4a1d8cbc426944806e5e183cead746647a64d2cdb786441546235967",
                "sha256:608ea2951838d391e45dec2e644888db6899c752d3c29e157af9dcefb3d7d8d5",
                "sha256:7658b7073c1d6a2922ecc0ed41602410fae88586cb8a54f7a2063d537b6beaf7",
                "sha256:7f99d07c0e753717775be7be39ab383453b4d8b629c9fa174596b970c6555890",
                "sha256:82ec95b02e894561c21e066bd0c716e4b410df141ce9441aa5af6cd937e4ade2",
                "sha256:afb72822ae410d62aa1a2920c6563cb5680de9078358f0e9474396c6c3e06be2",
                "sha256:bf6889643d4560fcc56f9f0941f078e4df0d72a6c3e4ca548841fc13c5642664",
                "sha256:c1b0ecaa0d1f4fe1e30f625a2347f0034a89a7d17c39efbb502e554d92ee2f61",
                "sha256:c54c55457c7f5ea4dfdba0020004fc7667f5c10c8d9b8010d735345acc06c9b8",
                "sha256:ca84deaa38cb64b7dd160ca2046b45f7b5dbff2b0179642e1339fadc337446c9",
                "sha256:cd54bbf089953140905768ed4626d7223e1ad1d7e2a138410a9c4d3b865ccd80",
                "sha256:d921c0270647ab11c3ef283efaaa3d46fd005ba233bfb3aea75231cdf3656de8",
                "sha256:e11ab864323fa73ac1b7849688d9671c47a2665242e899785b4db1a375b547e1",
                "sha256:e17674ee127f78f26fea237e7f4d5cf910a8be82beb6260fedf358b88075b823",
                "sha256:e3ad1759ad4a5245172c6d32b8ada603a6020d03211524c39d78d25c9a7dc0d2",
                "sha256:e3bb809b743653b5aab5d72ee45c8c937c28e147b0846b0826a54bece898608c",
                "sha256:e5a504ff40f81d6233603475a45497a6dca37a873393fa20ae6f7dd6596ef72b",
                "sha256:ed3b29f54f6bbf3eaca4cbd23bc260155153ace63b7f597c474fa6fc6f386530",
                "sha256:f34b46dbb1db1f09bfa937cd5853e5f2af232caeeff509c3ab6e43fd33780eae",
                "sha256:f55fb5ff02d999a100be28bf6ffe826e1867a54c7b465409685332c9dd48ffa5",
                "sha256:ff842e27bc6a80de08c40e0bfdce460bd08080e8a94af131162b6a1b8948f2cc"
            ],
            "index": "pypi",
            "markers": "python_version >= '3.9'",
            "version": "==3.8.1"
        },
        "numpy": {
            "hashes": [
                "sha256:3649d566e2fc067597125428db15d60eb42a4e0897fc48d28cb75dc2e0454e53",
                "sha256:c8c6c72d4a9f831f328efb1312642a1cafafaa88981d9ab76368d50d07d93cbe"
            ],
            "markers": "python_version < '3.13' and python_version >= '3.9'",
            "version": "==1.26.1"
        },
        "packaging": {
            "hashes": [
                "sha256:048fb0e9405036518eaaf48a55953c750c11e1a1b68e0dd1a9d62ed0c092cfc5",
                "sha256:8c491190033a9af7e1d931d0b5dacc2ef47509b34dd0de67ed209b5203fc88c7"
            ],
            "markers": "python_version >= '3.7'",
            "version": "==23.2"
        },
        "pandas": {
            "hashes": [
                "sha256:52897edc2774d2779fbeb6880d2cfb305daa0b1a29c16b91f531a18918a6e0f3",
                "sha256:65177d1c519b55e5b7f094c660ed357bb7d86e799686bb71653b8a4803d8ff0d"
            ],
            "index": "pypi",
            "markers": "python_version >= '3.9'",
            "version": "==2.1.2"
        },
        "pillow": {
            "hashes": [
                "sha256:0f7c276c05a9767e877a0b4c5050c8bee6a6d960d7f0c11ebda6b99746068c2a",
                "sha256:e6bf8de6c36ed96c86ea3b6e1d5273c53f46ef518a062464cd7ef5dd2cf92e38"
            ],
            "markers": "python_version >= '3.8'",
            "version": "==10.1.0"
        },
        "psycopg2-binary": {
            "hashes": [
                "sha256:03ef7df18daf2c4c07e2695e8cfd5ee7f748a1d54d802330985a78d2a5a6dca9",
                "sha256:0a602ea5aff39bb9fac6308e9c9d82b9a35c2bf288e184a816002c9fae930b77",
                "sha256:0c009475ee389757e6e34611d75f6e4f05f0cf5ebb76c6037508318e1a1e0d7e",
                "sha256:0ef4854e82c09e84cc63084a9e4ccd6d9b154f1dbdd283efb92ecd0b5e2b8c84",
                "sha256:1236ed0952fbd919c100bc839eaa4a39ebc397ed1c08a97fc45fee2a595aa1b3",
                "sha256:143072318f793f53819048fdfe30c321890af0c3ec7cb1dfc9cc87aa88241de2",
                "sha256:15208be1c50b99203fe88d15695f22a5bed95ab3f84354c494bcb1d08557df67",
                "sha256:1873aade94b74715be2246321c8650cabf5a0d098a95bab81145ffffa4c13876",
                "sha256:18d0ef97766055fec15b5de2c06dd8e7654705ce3e5e5eed3b6651a1d2a9a152",
                "sha256:1ea665f8ce695bcc37a90ee52de7a7980be5161375d42a0b6c6abedbf0d81f0f",
                "sha256:2293b001e319ab0d869d660a704942c9e2cce19745262a8aba2115ef41a0a42a",
                "sha256:246b123cc54bb5361588acc54218c8c9fb73068bf227a4a531d8ed56fa3ca7d6",
                "sha256:275ff571376626195ab95a746e6a04c7df8ea34638b99fc11160de91f2fef503",
                "sha256:281309265596e388ef483250db3640e5f414168c5a67e9c665cafce9492eda2f",
                "sha256:2d423c8d8a3c82d08fe8af900ad5b613ce3632a1249fd6a223941d0735fce493",
                "sha256:2e5afae772c00980525f6d6ecf7cbca55676296b580c0e6abb407f15f3706996",
                "sha256:30dcc86377618a4c8f3b72418df92e77be4254d8f89f14b8e8f57d6d43603c0f",
                "sha256:31a34c508c003a4347d389a9e6fcc2307cc2150eb516462a7a17512130de109e",
                "sha256:323ba25b92454adb36fa425dc5cf6f8f19f78948cbad2e7bc6cdf7b0d7982e59",
                "sha256:34eccd14566f8fe14b2b95bb13b11572f7c7d5c36da61caf414d23b91fcc5d94",
                "sha256:3a58c98a7e9c021f357348867f537017057c2ed7f77337fd914d0bedb35dace7",
                "sha256:3f78fd71c4f43a13d342be74ebbc0666fe1f555b8837eb113cb7416856c79682",
                "sha256:4154ad09dac630a0f13f37b583eae260c6aa885d67dfbccb5b02c33f31a6d420",
                "sha256:420f9bbf47a02616e8554e825208cb947969451978dceb77f95ad09c37791dae",
                "sha256:4686818798f9194d03c9129a4d9a702d9e113a89cb03bffe08c6cf799e053291",
                "sha256:57fede879f08d23c85140a360c6a77709113efd1c993923c59fde17aa27599fe",
                "sha256:60989127da422b74a04345096c10d416c2b41bd7bf2a380eb541059e4e999980",
                "sha256:64cf30263844fa208851ebb13b0732ce674d8ec6a0c86a4e160495d299ba3c93",
                "sha256:68fc1f1ba168724771e38bee37d940d2865cb0f562380a1fb1ffb428b75cb692",
                "sha256:6e6f98446430fdf41bd36d4faa6cb409f5140c1c2cf58ce0bbdaf16af7d3f119",
                "sha256:729177eaf0aefca0994ce4cffe96ad3c75e377c7b6f4efa59ebf003b6d398716",
                "sha256:72dffbd8b4194858d0941062a9766f8297e8868e1dd07a7b36212aaa90f49472",
                "sha256:75723c3c0fbbf34350b46a3199eb50638ab22a0228f93fb472ef4d9becc2382b",
                "sha256:77853062a2c45be16fd6b8d6de2a99278ee1d985a7bd8b103e97e41c034006d2",
                "sha256:78151aa3ec21dccd5cdef6c74c3e73386dcdfaf19bced944169697d7ac7482fc",
                "sha256:7f01846810177d829c7692f1f5ada8096762d9172af1b1a28d4ab5b77c923c1c",
                "sha256:804d99b24ad523a1fe18cc707bf741670332f7c7412e9d49cb5eab67e886b9b5",
                "sha256:81ff62668af011f9a48787564ab7eded4e9fb17a4a6a74af5ffa6a457400d2ab",
                "sha256:8359bf4791968c5a78c56103702000105501adb557f3cf772b2c207284273984",
                "sha256:83791a65b51ad6ee6cf0845634859d69a038ea9b03d7b26e703f94c7e93dbcf9",
                "sha256:8532fd6e6e2dc57bcb3bc90b079c60de896d2128c5d9d6f24a63875a95a088cf",
                "sha256:876801744b0dee379e4e3c38b76fc89f88834bb15bf92ee07d94acd06ec890a0",
                "sha256:8dbf6d1bc73f1d04ec1734bae3b4fb0ee3cb2a493d35ede9badbeb901fb40f6f",
                "sha256:8f8544b092a29a6ddd72f3556a9fcf249ec412e10ad28be6a0c0d948924f2212",
                "sha256:911dda9c487075abd54e644ccdf5e5c16773470a6a5d3826fda76699410066fb",
                "sha256:977646e05232579d2e7b9c59e21dbe5261f403a88417f6a6512e70d3f8a046be",
                "sha256:9dba73be7305b399924709b91682299794887cbbd88e38226ed9f6712eabee90",
                "sha256:a148c5d507bb9b4f2030a2025c545fccb0e1ef317393eaba42e7eabd28eb6041",
                "sha256:a6cdcc3ede532f4a4b96000b6362099591ab4a3e913d70bcbac2b56c872446f7",
                "sha256:ac05fb791acf5e1a3e39402641827780fe44d27e72567a000412c648a85ba860",
                "sha256:b58b4710c7f4161b5e9dcbe73bb7c62d65670a87df7bcce9e1faaad43e715245",
                "sha256:b6356793b84728d9d50ead16ab43c187673831e9d4019013f1402c41b1db9b27",
                "sha256:b76bedd166805480ab069612119ea636f5ab8f8771e640ae103e05a4aae3e417",
                "sha256:bc7bb56d04601d443f24094e9e31ae6deec9ccb23581f75343feebaf30423359",
                "sha256:c2470da5418b76232f02a2fcd2229537bb2d5a7096674ce61859c3229f2eb202",
                "sha256:c332c8d69fb64979ebf76613c66b985414927a40f8defa16cf1bc028b7b0a7b0",
                "sha256:c6af2a6d4b7ee9615cbb162b0738f6e1fd1f5c3eda7e5da17861eacf4c717ea7",
                "sha256:c77e3d1862452565875eb31bdb45ac62502feabbd53429fdc39a1cc341d681ba",
                "sha256:ca08decd2697fdea0aea364b370b1249d47336aec935f87b8bbfd7da5b2ee9c1",
                "sha256:ca49a8119c6cbd77375ae303b0cfd8c11f011abbbd64601167ecca18a87e7cdd",
                "sha256:cb16c65dcb648d0a43a2521f2f0a2300f40639f6f8c1ecbc662141e4e3e1ee07",
                "sha256:d2997c458c690ec2bc6b0b7ecbafd02b029b7b4283078d3b32a852a7ce3ddd98",
                "sha256:d3f82c171b4ccd83bbaf35aa05e44e690113bd4f3b7b6cc54d2219b132f3ae55",
                "sha256:dc4926288b2a3e9fd7b50dc6a1909a13bbdadfc67d93f3374d984e56f885579d",
                "sha256:ead20f7913a9c1e894aebe47cccf9dc834e1618b7aa96155d2091a626e59c972",
                "sha256:ebdc36bea43063116f0486869652cb2ed7032dbc59fbcb4445c4862b5c1ecf7f",
                "sha256:ed1184ab8f113e8d660ce49a56390ca181f2981066acc27cf637d5c1e10ce46e",
                "sha256:ee825e70b1a209475622f7f7b776785bd68f34af6e7a46e2e42f27b659b5bc26",
                "sha256:f7ae5d65ccfbebdfa761585228eb4d0df3a8b15cfb53bd953e713e09fbb12957",
                "sha256:f7fc5a5acafb7d6ccca13bfa8c90f8c51f13d8fb87d95656d3950f0158d3ce53",
                "sha256:f9b5571d33660d5009a8b3c25dc1db560206e2d2f89d3df1cb32d72c0d117d52"
            ],
            "index": "pypi",
            "markers": "python_version >= '3.7'",
            "version": "==2.9.9"
        },
        "pyparsing": {
            "hashes": [
                "sha256:32c7c0b711493c72ff18a981d24f28aaf9c1fb7ed5e9667c9e84e3db623bdbfb",
                "sha256:ede28a1a32462f5a9705e07aea48001a08f7cf81a021585011deba701581a0db"
            ],
            "markers": "python_full_version >= '3.6.8'",
            "version": "==3.1.1"
        },
        "python-dateutil": {
            "hashes": [
                "sha256:0123cacc1627ae19ddf3c27a5de5bd67ee4586fbdd6440d9748f8abb483d3e86",
                "sha256:961d03dc3453ebbc59dbdea9e4e11c5651520a876d0f4db161e8674aae935da9"
            ],
            "markers": "python_version >= '2.7' and python_version not in '3.0, 3.1, 3.2, 3.3'",
            "version": "==2.8.2"
        },
        "pytz": {
            "hashes": [
                "sha256:7b4fddbeb94a1eba4b557da24f19fdf9db575192544270a9101d8509f9f43d7b",
                "sha256:ce42d816b81b68506614c11e8937d3aa9e41007ceb50bfdcb0749b921bf646c7"
            ],
            "version": "==2023.3.post1"
        },
        "scikit-learn": {
            "hashes": [
                "sha256:67f37d708f042a9b8d59551cf94d30431e01374e00dc2645fa186059c6c5d78b",
                "sha256:a2f54c76accc15a34bfb9066e6c7a56c1e7235dda5762b990792330b52ccfb05"
            ],
            "markers": "python_version >= '3.8'",
            "version": "==1.3.2"
        },
        "scipy": {
            "hashes": [
                "sha256:bba4d955f54edd61899776bad459bf7326e14b9fa1c552181f0479cc60a568cd",
                "sha256:e1f97cd89c0fe1a0685f8f89d85fa305deb3067d0668151571ba50913e445820"
            ],
            "markers": "python_version < '3.13' and python_version >= '3.9'",
            "version": "==1.11.3"
        },
        "six": {
            "hashes": [
                "sha256:1e61c37477a1626458e36f7b1d82aa5c9b094fa4802892072e49de9c60c4c926",
                "sha256:8abb2f1d86890a2dfb989f9a77cfcfd3e47c2a354b01111771326f8aa26e0254"
            ],
            "markers": "python_version >= '2.7' and python_version not in '3.0, 3.1, 3.2, 3.3'",
            "version": "==1.16.0"
        },
        "sqlparse": {
            "hashes": [
                "sha256:5430a4fe2ac7d0f93e66f1efc6e1338a41884b7ddf2a350cedd20ccc4d9d28f3",
                "sha256:d446183e84b8349fa3061f0fe7f06ca94ba65b426946ffebe6e3e8295332420c"
            ],
            "markers": "python_version >= '3.5'",
            "version": "==0.4.4"
        },
        "threadpoolctl": {
            "hashes": [
                "sha256:2b7818516e423bdaebb97c723f86a7c6b0a83d3f3b0970328d66f4d9104dc032",
                "sha256:c96a0ba3bdddeaca37dc4cc7344aafad41cdb8c313f74fdfe387a867bba93355"
            ],
            "markers": "python_version >= '3.8'",
            "version": "==3.2.0"
        },
        "typing-extensions": {
            "hashes": [
                "sha256:8f92fc8806f9a6b641eaa5318da32b44d401efaac0f6678c9bc448ba3605faa0",
                "sha256:df8e4339e9cb77357558cbdbceca33c303714cf861d1eef15e1070055ae8b7ef"
            ],
            "markers": "python_version >= '3.8'",
            "version": "==4.8.0"
        },
        "tzdata": {
            "hashes": [
                "sha256:11ef1e08e54acb0d4f95bdb1be05da659673de4acbd21bf9c69e94cc5e907a3a",
                "sha256:7e65763eef3120314099b6939b5546db7adce1e7d6f2e179e3df563c70511eda"
            ],
            "markers": "sys_platform == 'win32'",
            "version": "==2023.3"
        },
        "whitenoise": {
            "hashes": [
                "sha256:8998f7370973447fac1e8ef6e8ded2c5209a7b1f67c1012866dbcd09681c3251",
                "sha256:b1f9db9bf67dc183484d760b99f4080185633136a273a03f6436034a41064146"
            ],
            "index": "pypi",
            "markers": "python_version >= '3.8'",
            "version": "==6.6.0"
        },
        "wordcloud": {
            "hashes": [
                "sha256:0115a5dd0fd7aafc1ea20738478ac01ba9cf4203bfd7b624e2ab1a311c33f80c",
                "sha256:030d89ea934472eeda1beabd82a81cfb0f2d0de7c5703f220016742aa6911c3f",
                "sha256:0625865763b1a6c27860431023ee5f5a402e199301b2dc671bea03734a612ee0",
                "sha256:10ad4bbed83ad487b3592ad0417426ffff946f131422e9e6bab74129caf7a6e3",
                "sha256:139f0dbf6b6aeb32a20ccb383320dde514297c9aeba9b6cc7a82f4bb2502b1f9",
                "sha256:1a1d0bac12025031594a76694e0b04b38f82172443ad197224ef6d51f540e28e",
                "sha256:1e0b346eb15f6deed7d4cb6caaa4d7abf4d488434cb9cdb91194720b524ea86d",
                "sha256:1e521afd56d86e7f6ced3567ac685c4342c81c47f52c32b414a408c2f00f7884",
                "sha256:1e744a88bc463ca373472cc831d9a6a6469dceaa6471abdc124828adeb2355df",
                "sha256:2df1e7e74ec97e296bf1a1b0ac2764576b83c6c4d3b1d00e01d095326b89063b",
                "sha256:3132bf742fa403616201454ee90f1123e53f546b6e22bddda1b5ba14974457a7",
                "sha256:349272c5156e196ff0c05d910595dcc56071a4e622707e12889f2ee21c360a0b",
                "sha256:391b98c88ef2ce79171edee9be60b9a5eb864716452a1fbe47984252550e6a8d",
                "sha256:4210c7f2db7e825d670a8e31a118f15b333e7ace555e03df15c901ae7fa19219",
                "sha256:47b6e8948350cfc6f55988f1398ccd405a49a14b2ca6dd6b76fb76089a8b9a03",
                "sha256:4dad68777056a09b5c9d8bb10842fbd5c851ecca35a27ddcbb47f28b1d6b5921",
                "sha256:5cec4a76b3cde8a19ec5c7ed7356d92c7337af3f1e11eb8e0d8191459f318bba",
                "sha256:5ec9ab90114a3afc050b4a3e94c86d6f81e7dbbf517f79291a89e39366459e24",
                "sha256:61816f1e548a5505789e6e42a7cf7c798312b77a30465c3b8a6049235bcf4649",
                "sha256:67a83ad05b7a08db64e99cf734ba4394855e78c9e3c6e3a6104f80c64f090d2f",
                "sha256:6dfcf9a54a328c5547a6c08197d5999a8d2444390dcf35dfdba9774d65c992cb",
                "sha256:6ecfde604fbb8a1096d1507edc6d75771f07751409293188e559efb6628fd9f6",
                "sha256:71062ba6bfeaf1a7f8b6f18f6a8a7a810ef10973ebd9aa10c04d9fff690363d3",
                "sha256:73f7571df267ea8f6765b4cb946d6b158c4fd36aca44533716ca634bf2fd75f9",
                "sha256:76ebbbefd453fa3ea15e03e605437c88a721502e077bae2f49c676d84dd0437d",
                "sha256:77d7614f46c8062fe2d3fa0325c747793b463215b0e9d97b4f9a3d6f31a60b7f",
                "sha256:785b8bcc00d953b752a220c9b4b1f8532983f26805f70b46f3c6ce2e6b130f54",
                "sha256:7a602e9161b7a8d4e2d92f5a891a9aee92b97402aa75db51918afa6aa4da9e8f",
                "sha256:7ad0a2e4509cc620587746280e5cf667ec3db4e713c63f4c21e69adad41041be",
                "sha256:7cdf7962555f9fed612c4d060a36851f2aefeb744bd0bf6b45adeaf1a37c43e1",
                "sha256:7dfcb202cd38a094add34261bbb63119e2897dacbde50cac6c7ff3fdb97c555f",
                "sha256:91e025b5e50d814601703aa4878dbafdceaa0a3e64d42cd1633317d9b829bb64",
                "sha256:9750c4e641b96e02e7e50ba2cae9441d611ca26310de0628b1e6444dfba93554",
                "sha256:9eb2a9469d1981f3d102225ca5b1b2e7022042761e824d803c802ae0ff5d3251",
                "sha256:9f49ff8eb67982b22ed476c48a4b5728c4f638ebed2452b4760b68f15d62931f",
                "sha256:a0fefffa6ea013276a36489d28aaceed1ae2f99f884b6a2fa1d4107bd1b2df3a",
                "sha256:a70f10c477db98a9850dec1f9fe4f8774c2afd902f29bbff887c625f6c92e5d1",
                "sha256:ad41c4069a636452fe37754e0f3b008417ab3b29e45016caf9113fad911106c7",
                "sha256:aed191fb1a7cefc6556a290a26d4986246f0a71e93330f8cbca25341566c312c",
                "sha256:b0cd52aaa52b1a802154e402c2063ee6805c6f7d7ee84b5503b5c11d6b501224",
                "sha256:b98e7ff6fa4277ca40074cb4fac2f2e4dd792d530177cc7494d42777d53e96c6",
                "sha256:baebbdd53b1b800c816ffc1c2d71f78feb3a9599f1197422a5995d112069d485",
                "sha256:bf03002ea15f5ad2ba69d8a68071c96758d88e0c466a599a71324e4297d4d2e0",
                "sha256:c22fb86e0101c46f139d353e8f3575c8c64a6c503f263d90cecc28cd14bc5032",
                "sha256:c25014af784bc75741ae6693bbbd98faa4865de397903eed5485dafb2eb356a4",
                "sha256:c4f6ba0cc325d99eb515a60cb89d4b34d546c5f1c9a0595accff4c783d92ce28",
                "sha256:c9b7524bd647077ea1b095b3f2669dba4e6a6314eb41641914a41b991ae56b2a",
                "sha256:ce15d884fb2b1087303878b248f449035abe2a545e17016021c2b86fe916ba4a",
                "sha256:d0351a0190f2f2abd8422a0f817d1f9689eec24f0563438626f8f9b25ba7d061",
                "sha256:d7101f62967fd912e49cf10e58e09a5af0fc11095d9f8bf170b22d8e0b2ee8ca",
                "sha256:da5b4b8ed29fe56039b30f86c1c5ef4b06ce7f2f3ba111af61ede2fc661b0c45",
                "sha256:e03ec307901cab43baeda3416d880d56895ef4ffa560e25c7a9dd74e94ede5c6",
                "sha256:f37673f17d772907b37d92102cb437dce408b1e12fc3f59a6d3920082318881b",
                "sha256:fa46c8d175c0b8dd9a1d599884bfb3dd7f626a9fc553834ae6522544d1ae0eca",
                "sha256:fb25360f2c8d5b52703b8a92dd45cadc84fa901bc322b40c0883dc2f974c29fe"
            ],
            "index": "pypi",
            "version": "==1.9.2"
        }
    },
    "develop": {}
}
